
Microsoft Visual Studio Solution File, Format Version 12.00
# Visual Studio Version 16
VisualStudioVersion = 16.0.29709.97
MinimumVisualStudioVersion = 10.0.40219.1
Project("{9A19103F-16F7-4668-BE54-9A1E7A4F7556}") = "Account", "Account\Account.csproj", "{4ED6EE24-2DC1-4DEF-A653-BC440B6D391F}"
EndProject
Project("{9A19103F-16F7-4668-BE54-9A1E7A4F7556}") = "AccountTest", "AccountTest\AccountTest.csproj", "{EB8478A4-FB04-43C4-81FF-1AD4591E1E91}"
EndProject
Project("{2150E333-8FDC-42A3-9474-1A3956D46DE8}") = "Solution Items", "Solution Items", "{1FAD0A71-85E8-4E2D-9F6A-242080744994}"
	ProjectSection(SolutionItems) = preProject
		.gitignore = .gitignore
		README.md = README.md
	EndProjectSection
EndProject
Project("{FAE04EC0-301F-11D3-BF4B-00C04F79EFBC}") = "AccountAsync", "AccountAsync\AccountAsync.csproj", "{6EF647D7-8916-4298-A908-34E995C6C76E}"
EndProject
Project("{FAE04EC0-301F-11D3-BF4B-00C04F79EFBC}") = "AccountAsyncTest", "AccountAsyncTest\AccountAsyncTest.csproj", "{860B9729-DE12-47AC-9B37-F6CD310521FB}"
EndProject
Global
	GlobalSection(SolutionConfigurationPlatforms) = preSolution
		Debug|Any CPU = Debug|Any CPU
		Release|Any CPU = Release|Any CPU
	EndGlobalSection
	GlobalSection(ProjectConfigurationPlatforms) = postSolution
		{4ED6EE24-2DC1-4DEF-A653-BC440B6D391F}.Debug|Any CPU.ActiveCfg = Debug|Any CPU
		{4ED6EE24-2DC1-4DEF-A653-BC440B6D391F}.Debug|Any CPU.Build.0 = Debug|Any CPU
		{4ED6EE24-2DC1-4DEF-A653-BC440B6D391F}.Release|Any CPU.ActiveCfg = Release|Any CPU
		{4ED6EE24-2DC1-4DEF-A653-BC440B6D391F}.Release|Any CPU.Build.0 = Release|Any CPU
		{EB8478A4-FB04-43C4-81FF-1AD4591E1E91}.Debug|Any CPU.ActiveCfg = Debug|Any CPU
		{EB8478A4-FB04-43C4-81FF-1AD4591E1E91}.Debug|Any CPU.Build.0 = Debug|Any CPU
		{EB8478A4-FB04-43C4-81FF-1AD4591E1E91}.Release|Any CPU.ActiveCfg = Release|Any CPU
		{EB8478A4-FB04-43C4-81FF-1AD4591E1E91}.Release|Any CPU.Build.0 = Release|Any CPU
		{6EF647D7-8916-4298-A908-34E995C6C76E}.Debug|Any CPU.ActiveCfg = Debug|Any CPU
		{6EF647D7-8916-4298-A908-34E995C6C76E}.Debug|Any CPU.Build.0 = Debug|Any CPU
		{6EF647D7-8916-4298-A908-34E995C6C76E}.Release|Any CPU.ActiveCfg = Release|Any CPU
		{6EF647D7-8916-4298-A908-34E995C6C76E}.Release|Any CPU.Build.0 = Release|Any CPU
		{860B9729-DE12-47AC-9B37-F6CD310521FB}.Debug|Any CPU.ActiveCfg = Debug|Any CPU
		{860B9729-DE12-47AC-9B37-F6CD310521FB}.Debug|Any CPU.Build.0 = Debug|Any CPU
		{860B9729-DE12-47AC-9B37-F6CD310521FB}.Release|Any CPU.ActiveCfg = Release|Any CPU
		{860B9729-DE12-47AC-9B37-F6CD310521FB}.Release|Any CPU.Build.0 = Release|Any CPU
	EndGlobalSection
	GlobalSection(SolutionProperties) = preSolution
		HideSolutionNode = FALSE
	EndGlobalSection
	GlobalSection(ExtensibilityGlobals) = postSolution
		SolutionGuid = {CE224C5D-53DD-47A5-86C2-8A5E3E8189B3}
	EndGlobalSection
EndGlobal
